Microsoft Visual Studio Solution File, Format Version 11.00
# Visual Studio 2008

Project("{9B9F7F6C-659B-9518-9A33-25A3B2B9DA05}") = "Tower Defense Project Unity5.5-5.0", "Assembly-CSharp.csproj", "{13BB797A-8B51-2BF0-46AE-6D0AC4450BD8}"
EndProject
Global
	GlobalSection(SolutionConfigurationPlatforms) = preSolution
		Debug|Any CPU = Debug|Any CPU
		Release|Any CPU = Release|Any CPU
	EndGlobalSection
	GlobalSection(ProjectConfigurationPlatforms) = postSolution
		{13BB797A-8B51-2BF0-46AE-6D0AC4450BD8}.Debug|Any CPU.ActiveCfg = Debug|Any CPU
		{13BB797A-8B51-2BF0-46AE-6D0AC4450BD8}.Debug|Any CPU.Build.0 = Debug|Any CPU
		{13BB797A-8B51-2BF0-46AE-6D0AC4450BD8}.Release|Any CPU.ActiveCfg = Release|Any CPU
		{13BB797A-8B51-2BF0-46AE-6D0AC4450BD8}.Release|Any CPU.Build.0 = Release|Any CPU
	EndGlobalSection
	GlobalSection(SolutionProperties) = preSolution
		HideSolutionNode = FALSE
	EndGlobalSection
	GlobalSection(MonoDevelopProperties) = preSolution
		StartupItem = Assembly-CSharp.csproj
	EndGlobalSection
EndGlobal
