Microsoft Visual Studio Solution File, Format Version 11.00
# Visual Studio 2008

Project("{D8CF29E5-03B6-84DC-BB19-2D9BD5F8B80A}") = "Tower Defense Project Unity5.5-3.0 code attack", "Assembly-CSharp.csproj", "{74E6663C-C337-AC40-584F-59A1AE29FD35}"
EndProject
Global
	GlobalSection(SolutionConfigurationPlatforms) = preSolution
		Debug|Any CPU = Debug|Any CPU
		Release|Any CPU = Release|Any CPU
	EndGlobalSection
	GlobalSection(ProjectConfigurationPlatforms) = postSolution
		{74E6663C-C337-AC40-584F-59A1AE29FD35}.Debug|Any CPU.ActiveCfg = Debug|Any CPU
		{74E6663C-C337-AC40-584F-59A1AE29FD35}.Debug|Any CPU.Build.0 = Debug|Any CPU
		{74E6663C-C337-AC40-584F-59A1AE29FD35}.Release|Any CPU.ActiveCfg = Release|Any CPU
		{74E6663C-C337-AC40-584F-59A1AE29FD35}.Release|Any CPU.Build.0 = Release|Any CPU
	EndGlobalSection
	GlobalSection(SolutionProperties) = preSolution
		HideSolutionNode = FALSE
	EndGlobalSection
	GlobalSection(MonoDevelopProperties) = preSolution
		StartupItem = Assembly-CSharp.csproj
	EndGlobalSection
EndGlobal
