Microsoft Visual Studio Solution File, Format Version 11.00
# Visual Studio 2008

Project("{E18BA8BB-3F61-332E-7725-E837B11D7E3D}") = "Tower Defense Project Unity5.5-4.0 codeaboutattack", "Assembly-CSharp.csproj", "{92BAECAA-6970-5862-7750-3924BA6F6978}"
EndProject
Global
	GlobalSection(SolutionConfigurationPlatforms) = preSolution
		Debug|Any CPU = Debug|Any CPU
		Release|Any CPU = Release|Any CPU
	EndGlobalSection
	GlobalSection(ProjectConfigurationPlatforms) = postSolution
		{92BAECAA-6970-5862-7750-3924BA6F6978}.Debug|Any CPU.ActiveCfg = Debug|Any CPU
		{92BAECAA-6970-5862-7750-3924BA6F6978}.Debug|Any CPU.Build.0 = Debug|Any CPU
		{92BAECAA-6970-5862-7750-3924BA6F6978}.Release|Any CPU.ActiveCfg = Release|Any CPU
		{92BAECAA-6970-5862-7750-3924BA6F6978}.Release|Any CPU.Build.0 = Release|Any CPU
	EndGlobalSection
	GlobalSection(SolutionProperties) = preSolution
		HideSolutionNode = FALSE
	EndGlobalSection
	GlobalSection(MonoDevelopProperties) = preSolution
		StartupItem = Assembly-CSharp.csproj
	EndGlobalSection
EndGlobal
